
Microsoft Visual Studio Solution File, Format Version 12.00
# Visual Studio Version 16
VisualStudioVersion = 16.0.31205.134
MinimumVisualStudioVersion = 10.0.40219.1
Project("{FAE04EC0-301F-11D3-BF4B-00C04F79EFBC}") = "LabSolution.WEB", "LabSolution.WEB\LabSolution.WEB.csproj", "{E41F6F67-27DA-49D3-B7BB-A3541AC8EB6B}"
EndProject
Project("{FAE04EC0-301F-11D3-BF4B-00C04F79EFBC}") = "LabSolution.Data", "LabSolution.Data\LabSolution.Data.csproj", "{4B9D4184-CAEF-4258-94C6-C426632ABD29}"
EndProject
Project("{FAE04EC0-301F-11D3-BF4B-00C04F79EFBC}") = "LabSolution.API", "LabSolution.API\LabSolution.API.csproj", "{EA25B5A6-8D36-4E2E-851E-8E5FB2CF1730}"
EndProject
Project("{FAE04EC0-301F-11D3-BF4B-00C04F79EFBC}") = "LabSolution.Business", "LabSolution.Business\LabSolution.Business.csproj", "{C92014B2-A990-41A4-821F-CAD8E8BFDF98}"
EndProject
Global
	GlobalSection(SolutionConfigurationPlatforms) = preSolution
		Debug|Any CPU = Debug|Any CPU
		Release|Any CPU = Release|Any CPU
	EndGlobalSection
	GlobalSection(ProjectConfigurationPlatforms) = postSolution
		{E41F6F67-27DA-49D3-B7BB-A3541AC8EB6B}.Debug|Any CPU.ActiveCfg = Debug|Any CPU
		{E41F6F67-27DA-49D3-B7BB-A3541AC8EB6B}.Debug|Any CPU.Build.0 = Debug|Any CPU
		{E41F6F67-27DA-49D3-B7BB-A3541AC8EB6B}.Release|Any CPU.ActiveCfg = Release|Any CPU
		{E41F6F67-27DA-49D3-B7BB-A3541AC8EB6B}.Release|Any CPU.Build.0 = Release|Any CPU
		{4B9D4184-CAEF-4258-94C6-C426632ABD29}.Debug|Any CPU.ActiveCfg = Debug|Any CPU
		{4B9D4184-CAEF-4258-94C6-C426632ABD29}.Debug|Any CPU.Build.0 = Debug|Any CPU
		{4B9D4184-CAEF-4258-94C6-C426632ABD29}.Release|Any CPU.ActiveCfg = Release|Any CPU
		{4B9D4184-CAEF-4258-94C6-C426632ABD29}.Release|Any CPU.Build.0 = Release|Any CPU
		{EA25B5A6-8D36-4E2E-851E-8E5FB2CF1730}.Debug|Any CPU.ActiveCfg = Debug|Any CPU
		{EA25B5A6-8D36-4E2E-851E-8E5FB2CF1730}.Debug|Any CPU.Build.0 = Debug|Any CPU
		{EA25B5A6-8D36-4E2E-851E-8E5FB2CF1730}.Release|Any CPU.ActiveCfg = Release|Any CPU
		{EA25B5A6-8D36-4E2E-851E-8E5FB2CF1730}.Release|Any CPU.Build.0 = Release|Any CPU
		{C92014B2-A990-41A4-821F-CAD8E8BFDF98}.Debug|Any CPU.ActiveCfg = Debug|Any CPU
		{C92014B2-A990-41A4-821F-CAD8E8BFDF98}.Debug|Any CPU.Build.0 = Debug|Any CPU
		{C92014B2-A990-41A4-821F-CAD8E8BFDF98}.Release|Any CPU.ActiveCfg = Release|Any CPU
		{C92014B2-A990-41A4-821F-CAD8E8BFDF98}.Release|Any CPU.Build.0 = Release|Any CPU
	EndGlobalSection
	GlobalSection(SolutionProperties) = preSolution
		HideSolutionNode = FALSE
	EndGlobalSection
	GlobalSection(ExtensibilityGlobals) = postSolution
		SolutionGuid = {873BA518-48F1-4A5C-A75C-CEF47D809436}
	EndGlobalSection
EndGlobal
